
Microsoft Visual Studio Solution File, Format Version 12.00
# Visual Studio Version 17
VisualStudioVersion = 17.4.33110.190
MinimumVisualStudioVersion = 10.0.40219.1
Project("{FAE04EC0-301F-11D3-BF4B-00C04F79EFBC}") = "GameSaver", "GameSaver.csproj", "{B8E42624-B106-4352-B23A-E8AE97BD817D}"
EndProject
Global
	GlobalSection(SolutionConfigurationPlatforms) = preSolution
		Debug|Any CPU = Debug|Any CPU
		Release|Any CPU = Release|Any CPU
	EndGlobalSection
	GlobalSection(ProjectConfigurationPlatforms) = postSolution
		{B8E42624-B106-4352-B23A-E8AE97BD817D}.Debug|Any CPU.ActiveCfg = Debug|Any CPU
		{B8E42624-B106-4352-B23A-E8AE97BD817D}.Debug|Any CPU.Build.0 = Debug|Any CPU
		{B8E42624-B106-4352-B23A-E8AE97BD817D}.Release|Any CPU.ActiveCfg = Release|Any CPU
		{B8E42624-B106-4352-B23A-E8AE97BD817D}.Release|Any CPU.Build.0 = Release|Any CPU
	EndGlobalSection
	GlobalSection(SolutionProperties) = preSolution
		HideSolutionNode = FALSE
	EndGlobalSection
	GlobalSection(ExtensibilityGlobals) = postSolution
		SolutionGuid = {68B38EF7-9F94-4296-9763-FDEC1D71FC84}
	EndGlobalSection
EndGlobal
